// !$*UTF8*$!
{
	archiveVersion = 1;
	classes = {
	};
	objectVersion = 56;
	objects = {

/* Begin PBXBuildFile section */
		39D792022D198FD2004E28E8 /* MatLive_Client_SDK_IOS.h in Headers */ = {isa = PBXBuildFile; fileRef = 39D792012D198FD2004E28E8 /* MatLive_Client_SDK_IOS.h */; settings = {ATTRIBUTES = (Public, ); }; };
		39D7920A2D199023004E28E8 /* LiveKit in Frameworks */ = {isa = PBXBuildFile; productRef = 39D792092D199023004E28E8 /* LiveKit */; };
		39D7920E2D19910A004E28E8 /* kPrint.swift in Sources */ = {isa = PBXBuildFile; fileRef = 39D7920D2D19910A004E28E8 /* kPrint.swift */; };
		39D792112D199238004E28E8 /* livekit_service.swift in Sources */ = {isa = PBXBuildFile; fileRef = 39D792102D199238004E28E8 /* livekit_service.swift */; };
		39D792132D199248004E28E8 /* utils.swift in Sources */ = {isa = PBXBuildFile; fileRef = 39D792122D199248004E28E8 /* utils.swift */; };
		39D792172D1992FF004E28E8 /* network.swift in Sources */ = {isa = PBXBuildFile; fileRef = 39D792162D1992FF004E28E8 /* network.swift */; };
		39D7921B2D19A881004E28E8 /* events.swift in Sources */ = {isa = PBXBuildFile; fileRef = 39D7921A2D19A881004E28E8 /* events.swift */; };
		39D7921D2D19A8D3004E28E8 /* mat_live_chat_message.swift in Sources */ = {isa = PBXBuildFile; fileRef = 39D7921C2D19A8D3004E28E8 /* mat_live_chat_message.swift */; };
		39D7921F2D19A91B004E28E8 /* mat_live_user.swift in Sources */ = {isa = PBXBuildFile; fileRef = 39D7921E2D19A91B004E28E8 /* mat_live_user.swift */; };
		39D792212D19B2B0004E28E8 /* mat_live_room_audio_seat.swift in Sources */ = {isa = PBXBuildFile; fileRef = 39D792202D19B2B0004E28E8 /* mat_live_room_audio_seat.swift */; };
		39D792272D19B373004E28E8 /* room_seat_service.swift in Sources */ = {isa = PBXBuildFile; fileRef = 39D792262D19B373004E28E8 /* room_seat_service.swift */; };
		39D792292D19B519004E28E8 /* live_room_event_receiver_manger.swift in Sources */ = {isa = PBXBuildFile; fileRef = 39D792282D19B519004E28E8 /* live_room_event_receiver_manger.swift */; };
		39D7922B2D19BE04004E28E8 /* mat_live_audio_room_layout_config.swift in Sources */ = {isa = PBXBuildFile; fileRef = 39D7922A2D19BE04004E28E8 /* mat_live_audio_room_layout_config.swift */; };
/* End PBXBuildFile section */

/* Begin PBXFileReference section */
		39D791FE2D198FD2004E28E8 /* MatLive_Client_SDK_IOS.framework */ = {isa = PBXFileReference; explicitFileType = wrapper.framework; includeInIndex = 0; path = MatLive_Client_SDK_IOS.framework; sourceTree = BUILT_PRODUCTS_DIR; };
		39D792012D198FD2004E28E8 /* MatLive_Client_SDK_IOS.h */ = {isa = PBXFileReference; lastKnownFileType = sourcecode.c.h; path = MatLive_Client_SDK_IOS.h; sourceTree = "<group>"; };
		39D7920D2D19910A004E28E8 /* kPrint.swift */ = {isa = PBXFileReference; lastKnownFileType = sourcecode.swift; path = kPrint.swift; sourceTree = "<group>"; };
		39D792102D199238004E28E8 /* livekit_service.swift */ = {isa = PBXFileReference; lastKnownFileType = sourcecode.swift; path = livekit_service.swift; sourceTree = "<group>"; };
		39D792122D199248004E28E8 /* utils.swift */ = {isa = PBXFileReference; lastKnownFileType = sourcecode.swift; path = utils.swift; sourceTree = "<group>"; };
		39D792162D1992FF004E28E8 /* network.swift */ = {isa = PBXFileReference; lastKnownFileType = sourcecode.swift; path = network.swift; sourceTree = "<group>"; };
		39D7921A2D19A881004E28E8 /* events.swift */ = {isa = PBXFileReference; lastKnownFileType = sourcecode.swift; path = events.swift; sourceTree = "<group>"; };
		39D7921C2D19A8D3004E28E8 /* mat_live_chat_message.swift */ = {isa = PBXFileReference; lastKnownFileType = sourcecode.swift; path = mat_live_chat_message.swift; sourceTree = "<group>"; };
		39D7921E2D19A91B004E28E8 /* mat_live_user.swift */ = {isa = PBXFileReference; lastKnownFileType = sourcecode.swift; path = mat_live_user.swift; sourceTree = "<group>"; };
		39D792202D19B2B0004E28E8 /* mat_live_room_audio_seat.swift */ = {isa = PBXFileReference; lastKnownFileType = sourcecode.swift; path = mat_live_room_audio_seat.swift; sourceTree = "<group>"; };
		39D792262D19B373004E28E8 /* room_seat_service.swift */ = {isa = PBXFileReference; lastKnownFileType = sourcecode.swift; path = room_seat_service.swift; sourceTree = "<group>"; };
		39D792282D19B519004E28E8 /* live_room_event_receiver_manger.swift */ = {isa = PBXFileReference; lastKnownFileType = sourcecode.swift; path = live_room_event_receiver_manger.swift; sourceTree = "<group>"; };
		39D7922A2D19BE04004E28E8 /* mat_live_audio_room_layout_config.swift */ = {isa = PBXFileReference; lastKnownFileType = sourcecode.swift; path = mat_live_audio_room_layout_config.swift; sourceTree = "<group>"; };
/* End PBXFileReference section */

/* Begin PBXFrameworksBuildPhase section */
		39D791FB2D198FD2004E28E8 /* Frameworks */ = {
			isa = PBXFrameworksBuildPhase;
			buildActionMask = 2147483647;
			files = (
				39D7920A2D199023004E28E8 /* LiveKit in Frameworks */,
			);
			runOnlyForDeploymentPostprocessing = 0;
		};
/* End PBXFrameworksBuildPhase section */

/* Begin PBXGroup section */
		39D791F42D198FD2004E28E8 = {
			isa = PBXGroup;
			children = (
				39D7920B2D1990B0004E28E8 /* Lib */,
				39D792002D198FD2004E28E8 /* MatLive-Client-SDK-IOS */,
				39D791FF2D198FD2004E28E8 /* Products */,
			);
			sourceTree = "<group>";
		};
		39D791FF2D198FD2004E28E8 /* Products */ = {
			isa = PBXGroup;
			children = (
				39D791FE2D198FD2004E28E8 /* MatLive_Client_SDK_IOS.framework */,
			);
			name = Products;
			sourceTree = "<group>";
		};
		39D792002D198FD2004E28E8 /* MatLive-Client-SDK-IOS */ = {
			isa = PBXGroup;
			children = (
				39D792012D198FD2004E28E8 /* MatLive_Client_SDK_IOS.h */,
			);
			path = "MatLive-Client-SDK-IOS";
			sourceTree = "<group>";
		};
		39D7920B2D1990B0004E28E8 /* Lib */ = {
			isa = PBXGroup;
			children = (
				39D792182D19A86F004E28E8 /* Audio */,
				39D792152D1992EB004E28E8 /* Network */,
				39D7920F2D19922D004E28E8 /* service */,
				39D7920C2D1990DF004E28E8 /* utils */,
			);
			path = Lib;
			sourceTree = "<group>";
		};
		39D7920C2D1990DF004E28E8 /* utils */ = {
			isa = PBXGroup;
			children = (
				39D7920D2D19910A004E28E8 /* kPrint.swift */,
			);
			path = utils;
			sourceTree = "<group>";
		};
		39D7920F2D19922D004E28E8 /* service */ = {
			isa = PBXGroup;
			children = (
				39D792102D199238004E28E8 /* livekit_service.swift */,
				39D792122D199248004E28E8 /* utils.swift */,
			);
			path = service;
			sourceTree = "<group>";
		};
		39D792152D1992EB004E28E8 /* Network */ = {
			isa = PBXGroup;
			children = (
				39D792162D1992FF004E28E8 /* network.swift */,
			);
			path = Network;
			sourceTree = "<group>";
		};
		39D792182D19A86F004E28E8 /* Audio */ = {
			isa = PBXGroup;
			children = (
				39D792252D19B36A004E28E8 /* seats */,
				39D792242D19B363004E28E8 /* managers */,
				39D792192D19A879004E28E8 /* define */,
			);
			path = Audio;
			sourceTree = "<group>";
		};
		39D792192D19A879004E28E8 /* define */ = {
			isa = PBXGroup;
			children = (
				39D7921A2D19A881004E28E8 /* events.swift */,
				39D7921C2D19A8D3004E28E8 /* mat_live_chat_message.swift */,
				39D792202D19B2B0004E28E8 /* mat_live_room_audio_seat.swift */,
				39D7921E2D19A91B004E28E8 /* mat_live_user.swift */,
			);
			path = define;
			sourceTree = "<group>";
		};
		39D792242D19B363004E28E8 /* managers */ = {
			isa = PBXGroup;
			children = (
				39D792282D19B519004E28E8 /* live_room_event_receiver_manger.swift */,
			);
			path = managers;
			sourceTree = "<group>";
		};
		39D792252D19B36A004E28E8 /* seats */ = {
			isa = PBXGroup;
			children = (
				39D792262D19B373004E28E8 /* room_seat_service.swift */,
				39D7922A2D19BE04004E28E8 /* mat_live_audio_room_layout_config.swift */,
			);
			path = seats;
			sourceTree = "<group>";
		};
/* End PBXGroup section */

/* Begin PBXHeadersBuildPhase section */
		39D791F92D198FD2004E28E8 /* Headers */ = {
			isa = PBXHeadersBuildPhase;
			buildActionMask = 2147483647;
			files = (
				39D792022D198FD2004E28E8 /* MatLive_Client_SDK_IOS.h in Headers */,
			);
			runOnlyForDeploymentPostprocessing = 0;
		};
/* End PBXHeadersBuildPhase section */

/* Begin PBXNativeTarget section */
		39D791FD2D198FD2004E28E8 /* MatLive-Client-SDK-IOS */ = {
			isa = PBXNativeTarget;
			buildConfigurationList = 39D792052D198FD2004E28E8 /* Build configuration list for PBXNativeTarget "MatLive-Client-SDK-IOS" */;
			buildPhases = (
				39D791F92D198FD2004E28E8 /* Headers */,
				39D791FA2D198FD2004E28E8 /* Sources */,
				39D791FB2D198FD2004E28E8 /* Frameworks */,
				39D791FC2D198FD2004E28E8 /* Resources */,
			);
			buildRules = (
			);
			dependencies = (
			);
			name = "MatLive-Client-SDK-IOS";
			packageProductDependencies = (
				39D792092D199023004E28E8 /* LiveKit */,
			);
			productName = "MatLive-Client-SDK-IOS";
			productReference = 39D791FE2D198FD2004E28E8 /* MatLive_Client_SDK_IOS.framework */;
			productType = "com.apple.product-type.framework";
		};
/* End PBXNativeTarget section */

/* Begin PBXProject section */
		39D791F52D198FD2004E28E8 /* Project object */ = {
			isa = PBXProject;
			attributes = {
				BuildIndependentTargetsInParallel = 1;
				LastUpgradeCheck = 1540;
				TargetAttributes = {
					39D791FD2D198FD2004E28E8 = {
						CreatedOnToolsVersion = 15.4;
						LastSwiftMigration = 1540;
					};
				};
			};
			buildConfigurationList = 39D791F82D198FD2004E28E8 /* Build configuration list for PBXProject "MatLive-Client-SDK-IOS" */;
			compatibilityVersion = "Xcode 14.0";
			developmentRegion = en;
			hasScannedForEncodings = 0;
			knownRegions = (
				en,
				Base,
			);
			mainGroup = 39D791F42D198FD2004E28E8;
			packageReferences = (
				39D792082D199023004E28E8 /* XCRemoteSwiftPackageReference "client-sdk-swift" */,
			);
			productRefGroup = 39D791FF2D198FD2004E28E8 /* Products */;
			projectDirPath = "";
			projectRoot = "";
			targets = (
				39D791FD2D198FD2004E28E8 /* MatLive-Client-SDK-IOS */,
			);
		};
/* End PBXProject section */

/* Begin PBXResourcesBuildPhase section */
		39D791FC2D198FD2004E28E8 /* Resources */ = {
			isa = PBXResourcesBuildPhase;
			buildActionMask = 2147483647;
			files = (
			);
			runOnlyForDeploymentPostprocessing = 0;
		};
/* End PBXResourcesBuildPhase section */

/* Begin PBXSourcesBuildPhase section */
		39D791FA2D198FD2004E28E8 /* Sources */ = {
			isa = PBXSourcesBuildPhase;
			buildActionMask = 2147483647;
			files = (
				39D7921D2D19A8D3004E28E8 /* mat_live_chat_message.swift in Sources */,
				39D792132D199248004E28E8 /* utils.swift in Sources */,
				39D792112D199238004E28E8 /* livekit_service.swift in Sources */,
				39D792212D19B2B0004E28E8 /* mat_live_room_audio_seat.swift in Sources */,
				39D7922B2D19BE04004E28E8 /* mat_live_audio_room_layout_config.swift in Sources */,
				39D792172D1992FF004E28E8 /* network.swift in Sources */,
				39D792292D19B519004E28E8 /* live_room_event_receiver_manger.swift in Sources */,
				39D7921F2D19A91B004E28E8 /* mat_live_user.swift in Sources */,
				39D7920E2D19910A004E28E8 /* kPrint.swift in Sources */,
				39D7921B2D19A881004E28E8 /* events.swift in Sources */,
				39D792272D19B373004E28E8 /* room_seat_service.swift in Sources */,
			);
			runOnlyForDeploymentPostprocessing = 0;
		};
/* End PBXSourcesBuildPhase section */

/* Begin XCBuildConfiguration section */
		39D792032D198FD2004E28E8 /* Debug */ = {
			isa = XCBuildConfiguration;
			buildSettings = {
				ALWAYS_SEARCH_USER_PATHS = NO;
				ASSETCATALOG_COMPILER_GENERATE_SWIFT_ASSET_SYMBOL_EXTENSIONS = YES;
				CLANG_ANALYZER_NONNULL = YES;
				CLANG_ANALYZER_NUMBER_OBJECT_CONVERSION = YES_AGGRESSIVE;
				CLANG_CXX_LANGUAGE_STANDARD = "gnu++20";
				CLANG_ENABLE_MODULES = YES;
				CLANG_ENABLE_OBJC_ARC = YES;
				CLANG_ENABLE_OBJC_WEAK = YES;
				CLANG_WARN_BLOCK_CAPTURE_AUTORELEASING = YES;
				CLANG_WARN_BOOL_CONVERSION = YES;
				CLANG_WARN_COMMA = YES;
				CLANG_WARN_CONSTANT_CONVERSION = YES;
				CLANG_WARN_DEPRECATED_OBJC_IMPLEMENTATIONS = YES;
				CLANG_WARN_DIRECT_OBJC_ISA_USAGE = YES_ERROR;
				CLANG_WARN_DOCUMENTATION_COMMENTS = YES;
				CLANG_WARN_EMPTY_BODY = YES;
				CLANG_WARN_ENUM_CONVERSION = YES;
				CLANG_WARN_INFINITE_RECURSION = YES;
				CLANG_WARN_INT_CONVERSION = YES;
				CLANG_WARN_NON_LITERAL_NULL_CONVERSION = YES;
				CLANG_WARN_OBJC_IMPLICIT_RETAIN_SELF = YES;
				CLANG_WARN_OBJC_LITERAL_CONVERSION = YES;
				CLANG_WARN_OBJC_ROOT_CLASS = YES_ERROR;
				CLANG_WARN_QUOTED_INCLUDE_IN_FRAMEWORK_HEADER = YES;
				CLANG_WARN_RANGE_LOOP_ANALYSIS = YES;
				CLANG_WARN_STRICT_PROTOTYPES = YES;
				CLANG_WARN_SUSPICIOUS_MOVE = YES;
				CLANG_WARN_UNGUARDED_AVAILABILITY = YES_AGGRESSIVE;
				CLANG_WARN_UNREACHABLE_CODE = YES;
				CLANG_WARN__DUPLICATE_METHOD_MATCH = YES;
				COPY_PHASE_STRIP = NO;
				CURRENT_PROJECT_VERSION = 1;
				DEBUG_INFORMATION_FORMAT = dwarf;
				ENABLE_STRICT_OBJC_MSGSEND = YES;
				ENABLE_TESTABILITY = YES;
				ENABLE_USER_SCRIPT_SANDBOXING = YES;
				GCC_C_LANGUAGE_STANDARD = gnu17;
				GCC_DYNAMIC_NO_PIC = NO;
				GCC_NO_COMMON_BLOCKS = YES;
				GCC_OPTIMIZATION_LEVEL = 0;
				GCC_PREPROCESSOR_DEFINITIONS = (
					"DEBUG=1",
					"$(inherited)",
				);
				GCC_WARN_64_TO_32_BIT_CONVERSION = YES;
				GCC_WARN_ABOUT_RETURN_TYPE = YES_ERROR;
				GCC_WARN_UNDECLARED_SELECTOR = YES;
				GCC_WARN_UNINITIALIZED_AUTOS = YES_AGGRESSIVE;
				GCC_WARN_UNUSED_FUNCTION = YES;
				GCC_WARN_UNUSED_VARIABLE = YES;
				IPHONEOS_DEPLOYMENT_TARGET = 17.5;
				LOCALIZATION_PREFERS_STRING_CATALOGS = YES;
				MTL_ENABLE_DEBUG_INFO = INCLUDE_SOURCE;
				MTL_FAST_MATH = YES;
				ONLY_ACTIVE_ARCH = YES;
				SDKROOT = iphoneos;
				SWIFT_ACTIVE_COMPILATION_CONDITIONS = "DEBUG $(inherited)";
				SWIFT_OPTIMIZATION_LEVEL = "-Onone";
				VERSIONING_SYSTEM = "apple-generic";
				VERSION_INFO_PREFIX = "";
			};
			name = Debug;
		};
		39D792042D198FD2004E28E8 /* Release */ = {
			isa = XCBuildConfiguration;
			buildSettings = {
				ALWAYS_SEARCH_USER_PATHS = NO;
				ASSETCATALOG_COMPILER_GENERATE_SWIFT_ASSET_SYMBOL_EXTENSIONS = YES;
				CLANG_ANALYZER_NONNULL = YES;
				CLANG_ANALYZER_NUMBER_OBJECT_CONVERSION = YES_AGGRESSIVE;
				CLANG_CXX_LANGUAGE_STANDARD = "gnu++20";
				CLANG_ENABLE_MODULES = YES;
				CLANG_ENABLE_OBJC_ARC = YES;
				CLANG_ENABLE_OBJC_WEAK = YES;
				CLANG_WARN_BLOCK_CAPTURE_AUTORELEASING = YES;
				CLANG_WARN_BOOL_CONVERSION = YES;
				CLANG_WARN_COMMA = YES;
				CLANG_WARN_CONSTANT_CONVERSION = YES;
				CLANG_WARN_DEPRECATED_OBJC_IMPLEMENTATIONS = YES;
				CLANG_WARN_DIRECT_OBJC_ISA_USAGE = YES_ERROR;
				CLANG_WARN_DOCUMENTATION_COMMENTS = YES;
				CLANG_WARN_EMPTY_BODY = YES;
				CLANG_WARN_ENUM_CONVERSION = YES;
				CLANG_WARN_INFINITE_RECURSION = YES;
				CLANG_WARN_INT_CONVERSION = YES;
				CLANG_WARN_NON_LITERAL_NULL_CONVERSION = YES;
				CLANG_WARN_OBJC_IMPLICIT_RETAIN_SELF = YES;
				CLANG_WARN_OBJC_LITERAL_CONVERSION = YES;
				CLANG_WARN_OBJC_ROOT_CLASS = YES_ERROR;
				CLANG_WARN_QUOTED_INCLUDE_IN_FRAMEWORK_HEADER = YES;
				CLANG_WARN_RANGE_LOOP_ANALYSIS = YES;
				CLANG_WARN_STRICT_PROTOTYPES = YES;
				CLANG_WARN_SUSPICIOUS_MOVE = YES;
				CLANG_WARN_UNGUARDED_AVAILABILITY = YES_AGGRESSIVE;
				CLANG_WARN_UNREACHABLE_CODE = YES;
				CLANG_WARN__DUPLICATE_METHOD_MATCH = YES;
				COPY_PHASE_STRIP = NO;
				CURRENT_PROJECT_VERSION = 1;
				DEBUG_INFORMATION_FORMAT = "dwarf-with-dsym";
				ENABLE_NS_ASSERTIONS = NO;
				ENABLE_STRICT_OBJC_MSGSEND = YES;
				ENABLE_USER_SCRIPT_SANDBOXING = YES;
				GCC_C_LANGUAGE_STANDARD = gnu17;
				GCC_NO_COMMON_BLOCKS = YES;
				GCC_WARN_64_TO_32_BIT_CONVERSION = YES;
				GCC_WARN_ABOUT_RETURN_TYPE = YES_ERROR;
				GCC_WARN_UNDECLARED_SELECTOR = YES;
				GCC_WARN_UNINITIALIZED_AUTOS = YES_AGGRESSIVE;
				GCC_WARN_UNUSED_FUNCTION = YES;
				GCC_WARN_UNUSED_VARIABLE = YES;
				IPHONEOS_DEPLOYMENT_TARGET = 17.5;
				LOCALIZATION_PREFERS_STRING_CATALOGS = YES;
				MTL_ENABLE_DEBUG_INFO = NO;
				MTL_FAST_MATH = YES;
				SDKROOT = iphoneos;
				SWIFT_COMPILATION_MODE = wholemodule;
				VALIDATE_PRODUCT = YES;
				VERSIONING_SYSTEM = "apple-generic";
				VERSION_INFO_PREFIX = "";
			};
			name = Release;
		};
		39D792062D198FD2004E28E8 /* Debug */ = {
			isa = XCBuildConfiguration;
			buildSettings = {
				BUILD_LIBRARY_FOR_DISTRIBUTION = YES;
				CLANG_ENABLE_MODULES = YES;
				CODE_SIGN_STYLE = Automatic;
				CURRENT_PROJECT_VERSION = 1;
				DEFINES_MODULE = YES;
				DEVELOPMENT_TEAM = P5NTR89GQN;
				DYLIB_COMPATIBILITY_VERSION = 1;
				DYLIB_CURRENT_VERSION = 1;
				DYLIB_INSTALL_NAME_BASE = "@rpath";
				ENABLE_MODULE_VERIFIER = YES;
				GENERATE_INFOPLIST_FILE = YES;
				INFOPLIST_KEY_NSHumanReadableCopyright = "";
				INSTALL_PATH = "$(LOCAL_LIBRARY_DIR)/Frameworks";
				LD_RUNPATH_SEARCH_PATHS = (
					"$(inherited)",
					"@executable_path/Frameworks",
					"@loader_path/Frameworks",
				);
				MARKETING_VERSION = 1.0;
				MODULE_VERIFIER_SUPPORTED_LANGUAGES = "objective-c objective-c++";
				MODULE_VERIFIER_SUPPORTED_LANGUAGE_STANDARDS = "gnu17 gnu++20";
				PRODUCT_BUNDLE_IDENTIFIER = "com.anasamer.MatLive-Client-SDK-IOS";
				PRODUCT_NAME = "$(TARGET_NAME:c99extidentifier)";
				SKIP_INSTALL = YES;
				SWIFT_EMIT_LOC_STRINGS = YES;
				SWIFT_INSTALL_OBJC_HEADER = NO;
				SWIFT_OPTIMIZATION_LEVEL = "-Onone";
				SWIFT_VERSION = 5.0;
				TARGETED_DEVICE_FAMILY = "1,2";
			};
			name = Debug;
		};
		39D792072D198FD2004E28E8 /* Release */ = {
			isa = XCBuildConfiguration;
			buildSettings = {
				BUILD_LIBRARY_FOR_DISTRIBUTION = YES;
				CLANG_ENABLE_MODULES = YES;
				CODE_SIGN_STYLE = Automatic;
				CURRENT_PROJECT_VERSION = 1;
				DEFINES_MODULE = YES;
				DEVELOPMENT_TEAM = P5NTR89GQN;
				DYLIB_COMPATIBILITY_VERSION = 1;
				DYLIB_CURRENT_VERSION = 1;
				DYLIB_INSTALL_NAME_BASE = "@rpath";
				ENABLE_MODULE_VERIFIER = YES;
				GENERATE_INFOPLIST_FILE = YES;
				INFOPLIST_KEY_NSHumanReadableCopyright = "";
				INSTALL_PATH = "$(LOCAL_LIBRARY_DIR)/Frameworks";
				LD_RUNPATH_SEARCH_PATHS = (
					"$(inherited)",
					"@executable_path/Frameworks",
					"@loader_path/Frameworks",
				);
				MARKETING_VERSION = 1.0;
				MODULE_VERIFIER_SUPPORTED_LANGUAGES = "objective-c objective-c++";
				MODULE_VERIFIER_SUPPORTED_LANGUAGE_STANDARDS = "gnu17 gnu++20";
				PRODUCT_BUNDLE_IDENTIFIER = "com.anasamer.MatLive-Client-SDK-IOS";
				PRODUCT_NAME = "$(TARGET_NAME:c99extidentifier)";
				SKIP_INSTALL = YES;
				SWIFT_EMIT_LOC_STRINGS = YES;
				SWIFT_INSTALL_OBJC_HEADER = NO;
				SWIFT_VERSION = 5.0;
				TARGETED_DEVICE_FAMILY = "1,2";
			};
			name = Release;
		};
/* End XCBuildConfiguration section */

/* Begin XCConfigurationList section */
		39D791F82D198FD2004E28E8 /* Build configuration list for PBXProject "MatLive-Client-SDK-IOS" */ = {
			isa = XCConfigurationList;
			buildConfigurations = (
				39D792032D198FD2004E28E8 /* Debug */,
				39D792042D198FD2004E28E8 /* Release */,
			);
			defaultConfigurationIsVisible = 0;
			defaultConfigurationName = Release;
		};
		39D792052D198FD2004E28E8 /* Build configuration list for PBXNativeTarget "MatLive-Client-SDK-IOS" */ = {
			isa = XCConfigurationList;
			buildConfigurations = (
				39D792062D198FD2004E28E8 /* Debug */,
				39D792072D198FD2004E28E8 /* Release */,
			);
			defaultConfigurationIsVisible = 0;
			defaultConfigurationName = Release;
		};
/* End XCConfigurationList section */

/* Begin XCRemoteSwiftPackageReference section */
		39D792082D199023004E28E8 /* XCRemoteSwiftPackageReference "client-sdk-swift" */ = {
			isa = XCRemoteSwiftPackageReference;
			repositoryURL = "https://github.com/livekit/client-sdk-swift.git";
			requirement = {
				kind = upToNextMajorVersion;
				minimumVersion = 2.0.19;
			};
		};
/* End XCRemoteSwiftPackageReference section */

/* Begin XCSwiftPackageProductDependency section */
		39D792092D199023004E28E8 /* LiveKit */ = {
			isa = XCSwiftPackageProductDependency;
			package = 39D792082D199023004E28E8 /* XCRemoteSwiftPackageReference "client-sdk-swift" */;
			productName = LiveKit;
		};
/* End XCSwiftPackageProductDependency section */
	};
	rootObject = 39D791F52D198FD2004E28E8 /* Project object */;
}
